<?xml version="1.0" encoding="utf-8"?>
<Project ToolsVersion="4.0" xmlns="http://schemas.microsoft.com/developer/msbuild/2003">
  <ItemGroup>
    <Filter Include="ServerLib">
      <UniqueIdentifier>{3c093f4e-aeff-4a1d-8f76-47b77f33bab1}</UniqueIdentifier>
    </Filter>
    <Filter Include="Client">
      <UniqueIdentifier>{14752ef0-f9e2-48d5-8bab-c95835c4c819}</UniqueIdentifier>
    </Filter>
    <Filter Include="PCH">
      <UniqueIdentifier>{0037f4b5-666a-494f-8879-8163f04a09be}</UniqueIdentifier>
    </Filter>
    <Filter Include="Game">
      <UniqueIdentifier>{1464d585-9f30-4b05-975e-bdf15be56a71}</UniqueIdentifier>
    </Filter>
    <Filter Include="DB">
      <UniqueIdentifier>{e5e62846-7e04-4d73-96f1-98850ae3a43b}</UniqueIdentifier>
    </Filter>
  </ItemGroup>
  <ItemGroup>
    <ClInclude Include="ServerLib.h">
      <Filter>ServerLib</Filter>
    </ClInclude>
    <ClInclude Include="Client.h">
      <Filter>Client</Filter>
    </ClInclude>
    <ClInclude Include="stdafx.h">
      <Filter>PCH</Filter>
    </ClInclude>
    <ClInclude Include="Game.h">
      <Filter>Game</Filter>
    </ClInclude>
    <ClInclude Include="ClientManager.h">
      <Filter>Client</Filter>
    </ClInclude>
    <ClInclude Include="DBManager.h">
      <Filter>DB</Filter>
    </ClInclude>
  </ItemGroup>
  <ItemGroup>
    <ClCompile Include="ServerLib.cpp">
      <Filter>ServerLib</Filter>
    </ClCompile>
    <ClCompile Include="Client.cpp">
      <Filter>Client</Filter>
    </ClCompile>
    <ClCompile Include="stdafx.cpp">
      <Filter>PCH</Filter>
    </ClCompile>
    <ClCompile Include="Game.cpp">
      <Filter>Game</Filter>
    </ClCompile>
    <ClCompile Include="Game_Packet.cpp">
      <Filter>Game</Filter>
    </ClCompile>
    <ClCompile Include="ClientManager.cpp">
      <Filter>Client</Filter>
    </ClCompile>
    <ClCompile Include="DBManager.cpp">
      <Filter>DB</Filter>
    </ClCompile>
  </ItemGroup>
</Project>