
Microsoft Visual Studio Solution File, Format Version 12.00
# Visual Studio 2013
VisualStudioVersion = 12.0.30723.0
MinimumVisualStudioVersion = 10.0.40219.1
Project("{2150E333-8FDC-42A3-9474-1A3956D46DE8}") = "Client", "Client", "{FB308EBA-53CE-47C3-8EFE-61A1AAD6FDE3}"
EndProject
Project("{2150E333-8FDC-42A3-9474-1A3956D46DE8}") = "Shared", "Shared", "{BD60EEC8-5033-4B26-B79F-488D0838006E}"
EndProject
Project("{2150E333-8FDC-42A3-9474-1A3956D46DE8}") = "Server", "Server", "{CF7C743E-7D4D-4BD4-9314-953AB3F6D120}"
EndProject
Project("{8BC9CEB8-8B4A-11D0-8D11-00A0C91BC942}") = "ServerLib", "ServerLib\ServerLib.vcxproj", "{846B37B5-91CA-4157-A358-F7B67A71A9FD}"
EndProject
Project("{8BC9CEB8-8B4A-11D0-8D11-00A0C91BC942}") = "SQLite", "SQLite\SQLite.vcxproj", "{BCB5420F-588A-44A1-A6F5-60975697F9FA}"
EndProject
Project("{8BC9CEB8-8B4A-11D0-8D11-00A0C91BC942}") = "Packet", "Packet\Packet.vcxproj", "{7EB73561-CE00-42E3-95D3-53E571D10C6A}"
EndProject
Project("{8BC9CEB8-8B4A-11D0-8D11-00A0C91BC942}") = "Server", "Server\Server.vcxproj", "{7238AD3D-D706-4D06-8BCB-1CC2DFEA6B98}"
EndProject
Project("{8BC9CEB8-8B4A-11D0-8D11-00A0C91BC942}") = "Jsoncpp", "Jsoncpp\Jsoncpp.vcxproj", "{3D6A90BF-21C2-40D1-96E5-B32ACDD8A9FF}"
EndProject
Project("{8BC9CEB8-8B4A-11D0-8D11-00A0C91BC942}") = "Data", "Data\Data.vcxproj", "{95910290-A217-4334-AC9D-37DA00D4D888}"
EndProject
Project("{8BC9CEB8-8B4A-11D0-8D11-00A0C91BC942}") = "GLM", "GLM\GLM.vcxproj", "{FD0B633C-410C-48AF-B67C-2842B974D37D}"
EndProject
Global
	GlobalSection(SolutionConfigurationPlatforms) = preSolution
		Debug|Any CPU = Debug|Any CPU
		Debug|Mixed Platforms = Debug|Mixed Platforms
		Debug|Win32 = Debug|Win32
		Debug|x64 = Debug|x64
		Release|Any CPU = Release|Any CPU
		Release|Mixed Platforms = Release|Mixed Platforms
		Release|Win32 = Release|Win32
		Release|x64 = Release|x64
	EndGlobalSection
	GlobalSection(ProjectConfigurationPlatforms) = postSolution
		{846B37B5-91CA-4157-A358-F7B67A71A9FD}.Debug|Any CPU.ActiveCfg = Debug|x64
		{846B37B5-91CA-4157-A358-F7B67A71A9FD}.Debug|Mixed Platforms.ActiveCfg = Debug|x64
		{846B37B5-91CA-4157-A358-F7B67A71A9FD}.Debug|Mixed Platforms.Build.0 = Debug|x64
		{846B37B5-91CA-4157-A358-F7B67A71A9FD}.Debug|Win32.ActiveCfg = Debug|x64
		{846B37B5-91CA-4157-A358-F7B67A71A9FD}.Debug|x64.ActiveCfg = Debug|x64
		{846B37B5-91CA-4157-A358-F7B67A71A9FD}.Debug|x64.Build.0 = Debug|x64
		{846B37B5-91CA-4157-A358-F7B67A71A9FD}.Release|Any CPU.ActiveCfg = Release|x64
		{846B37B5-91CA-4157-A358-F7B67A71A9FD}.Release|Mixed Platforms.ActiveCfg = Release|x64
		{846B37B5-91CA-4157-A358-F7B67A71A9FD}.Release|Mixed Platforms.Build.0 = Release|x64
		{846B37B5-91CA-4157-A358-F7B67A71A9FD}.Release|Win32.ActiveCfg = Release|x64
		{846B37B5-91CA-4157-A358-F7B67A71A9FD}.Release|x64.ActiveCfg = Release|x64
		{846B37B5-91CA-4157-A358-F7B67A71A9FD}.Release|x64.Build.0 = Release|x64
		{BCB5420F-588A-44A1-A6F5-60975697F9FA}.Debug|Any CPU.ActiveCfg = Debug|x64
		{BCB5420F-588A-44A1-A6F5-60975697F9FA}.Debug|Mixed Platforms.ActiveCfg = Debug|x64
		{BCB5420F-588A-44A1-A6F5-60975697F9FA}.Debug|Mixed Platforms.Build.0 = Debug|x64
		{BCB5420F-588A-44A1-A6F5-60975697F9FA}.Debug|Win32.ActiveCfg = Debug|x64
		{BCB5420F-588A-44A1-A6F5-60975697F9FA}.Debug|x64.ActiveCfg = Debug|x64
		{BCB5420F-588A-44A1-A6F5-60975697F9FA}.Debug|x64.Build.0 = Debug|x64
		{BCB5420F-588A-44A1-A6F5-60975697F9FA}.Release|Any CPU.ActiveCfg = Release|x64
		{BCB5420F-588A-44A1-A6F5-60975697F9FA}.Release|Mixed Platforms.ActiveCfg = Release|x64
		{BCB5420F-588A-44A1-A6F5-60975697F9FA}.Release|Mixed Platforms.Build.0 = Release|x64
		{BCB5420F-588A-44A1-A6F5-60975697F9FA}.Release|Win32.ActiveCfg = Release|x64
		{BCB5420F-588A-44A1-A6F5-60975697F9FA}.Release|x64.ActiveCfg = Release|x64
		{BCB5420F-588A-44A1-A6F5-60975697F9FA}.Release|x64.Build.0 = Release|x64
		{7EB73561-CE00-42E3-95D3-53E571D10C6A}.Debug|Any CPU.ActiveCfg = Debug|x64
		{7EB73561-CE00-42E3-95D3-53E571D10C6A}.Debug|Mixed Platforms.ActiveCfg = Debug|x64
		{7EB73561-CE00-42E3-95D3-53E571D10C6A}.Debug|Mixed Platforms.Build.0 = Debug|x64
		{7EB73561-CE00-42E3-95D3-53E571D10C6A}.Debug|Win32.ActiveCfg = Debug|x64
		{7EB73561-CE00-42E3-95D3-53E571D10C6A}.Debug|x64.ActiveCfg = Debug|x64
		{7EB73561-CE00-42E3-95D3-53E571D10C6A}.Debug|x64.Build.0 = Debug|x64
		{7EB73561-CE00-42E3-95D3-53E571D10C6A}.Release|Any CPU.ActiveCfg = Release|x64
		{7EB73561-CE00-42E3-95D3-53E571D10C6A}.Release|Mixed Platforms.ActiveCfg = Release|x64
		{7EB73561-CE00-42E3-95D3-53E571D10C6A}.Release|Mixed Platforms.Build.0 = Release|x64
		{7EB73561-CE00-42E3-95D3-53E571D10C6A}.Release|Win32.ActiveCfg = Release|x64
		{7EB73561-CE00-42E3-95D3-53E571D10C6A}.Release|x64.ActiveCfg = Release|x64
		{7EB73561-CE00-42E3-95D3-53E571D10C6A}.Release|x64.Build.0 = Release|x64
		{7238AD3D-D706-4D06-8BCB-1CC2DFEA6B98}.Debug|Any CPU.ActiveCfg = Debug|x64
		{7238AD3D-D706-4D06-8BCB-1CC2DFEA6B98}.Debug|Mixed Platforms.ActiveCfg = Debug|x64
		{7238AD3D-D706-4D06-8BCB-1CC2DFEA6B98}.Debug|Mixed Platforms.Build.0 = Debug|x64
		{7238AD3D-D706-4D06-8BCB-1CC2DFEA6B98}.Debug|Win32.ActiveCfg = Debug|x64
		{7238AD3D-D706-4D06-8BCB-1CC2DFEA6B98}.Debug|x64.ActiveCfg = Debug|x64
		{7238AD3D-D706-4D06-8BCB-1CC2DFEA6B98}.Debug|x64.Build.0 = Debug|x64
		{7238AD3D-D706-4D06-8BCB-1CC2DFEA6B98}.Release|Any CPU.ActiveCfg = Release|x64
		{7238AD3D-D706-4D06-8BCB-1CC2DFEA6B98}.Release|Mixed Platforms.ActiveCfg = Release|x64
		{7238AD3D-D706-4D06-8BCB-1CC2DFEA6B98}.Release|Mixed Platforms.Build.0 = Release|x64
		{7238AD3D-D706-4D06-8BCB-1CC2DFEA6B98}.Release|Win32.ActiveCfg = Release|x64
		{7238AD3D-D706-4D06-8BCB-1CC2DFEA6B98}.Release|x64.ActiveCfg = Release|x64
		{7238AD3D-D706-4D06-8BCB-1CC2DFEA6B98}.Release|x64.Build.0 = Release|x64
		{3D6A90BF-21C2-40D1-96E5-B32ACDD8A9FF}.Debug|Any CPU.ActiveCfg = Debug|x64
		{3D6A90BF-21C2-40D1-96E5-B32ACDD8A9FF}.Debug|Mixed Platforms.ActiveCfg = Debug|x64
		{3D6A90BF-21C2-40D1-96E5-B32ACDD8A9FF}.Debug|Mixed Platforms.Build.0 = Debug|x64
		{3D6A90BF-21C2-40D1-96E5-B32ACDD8A9FF}.Debug|Win32.ActiveCfg = Debug|x64
		{3D6A90BF-21C2-40D1-96E5-B32ACDD8A9FF}.Debug|x64.ActiveCfg = Debug|x64
		{3D6A90BF-21C2-40D1-96E5-B32ACDD8A9FF}.Debug|x64.Build.0 = Debug|x64
		{3D6A90BF-21C2-40D1-96E5-B32ACDD8A9FF}.Release|Any CPU.ActiveCfg = Release|x64
		{3D6A90BF-21C2-40D1-96E5-B32ACDD8A9FF}.Release|Mixed Platforms.ActiveCfg = Release|x64
		{3D6A90BF-21C2-40D1-96E5-B32ACDD8A9FF}.Release|Mixed Platforms.Build.0 = Release|x64
		{3D6A90BF-21C2-40D1-96E5-B32ACDD8A9FF}.Release|Win32.ActiveCfg = Release|x64
		{3D6A90BF-21C2-40D1-96E5-B32ACDD8A9FF}.Release|x64.ActiveCfg = Release|x64
		{3D6A90BF-21C2-40D1-96E5-B32ACDD8A9FF}.Release|x64.Build.0 = Release|x64
		{95910290-A217-4334-AC9D-37DA00D4D888}.Debug|Any CPU.ActiveCfg = Debug|x64
		{95910290-A217-4334-AC9D-37DA00D4D888}.Debug|Mixed Platforms.ActiveCfg = Debug|x64
		{95910290-A217-4334-AC9D-37DA00D4D888}.Debug|Mixed Platforms.Build.0 = Debug|x64
		{95910290-A217-4334-AC9D-37DA00D4D888}.Debug|Win32.ActiveCfg = Debug|x64
		{95910290-A217-4334-AC9D-37DA00D4D888}.Debug|x64.ActiveCfg = Debug|x64
		{95910290-A217-4334-AC9D-37DA00D4D888}.Debug|x64.Build.0 = Debug|x64
		{95910290-A217-4334-AC9D-37DA00D4D888}.Release|Any CPU.ActiveCfg = Release|x64
		{95910290-A217-4334-AC9D-37DA00D4D888}.Release|Mixed Platforms.ActiveCfg = Release|x64
		{95910290-A217-4334-AC9D-37DA00D4D888}.Release|Mixed Platforms.Build.0 = Release|x64
		{95910290-A217-4334-AC9D-37DA00D4D888}.Release|Win32.ActiveCfg = Release|x64
		{95910290-A217-4334-AC9D-37DA00D4D888}.Release|x64.ActiveCfg = Release|x64
		{95910290-A217-4334-AC9D-37DA00D4D888}.Release|x64.Build.0 = Release|x64
		{FD0B633C-410C-48AF-B67C-2842B974D37D}.Debug|Any CPU.ActiveCfg = Debug|x64
		{FD0B633C-410C-48AF-B67C-2842B974D37D}.Debug|Mixed Platforms.ActiveCfg = Debug|x64
		{FD0B633C-410C-48AF-B67C-2842B974D37D}.Debug|Mixed Platforms.Build.0 = Debug|x64
		{FD0B633C-410C-48AF-B67C-2842B974D37D}.Debug|Win32.ActiveCfg = Debug|x64
		{FD0B633C-410C-48AF-B67C-2842B974D37D}.Debug|x64.ActiveCfg = Debug|x64
		{FD0B633C-410C-48AF-B67C-2842B974D37D}.Debug|x64.Build.0 = Debug|x64
		{FD0B633C-410C-48AF-B67C-2842B974D37D}.Release|Any CPU.ActiveCfg = Release|x64
		{FD0B633C-410C-48AF-B67C-2842B974D37D}.Release|Mixed Platforms.ActiveCfg = Release|x64
		{FD0B633C-410C-48AF-B67C-2842B974D37D}.Release|Mixed Platforms.Build.0 = Release|x64
		{FD0B633C-410C-48AF-B67C-2842B974D37D}.Release|Win32.ActiveCfg = Release|x64
		{FD0B633C-410C-48AF-B67C-2842B974D37D}.Release|x64.ActiveCfg = Release|x64
		{FD0B633C-410C-48AF-B67C-2842B974D37D}.Release|x64.Build.0 = Release|x64
	EndGlobalSection
	GlobalSection(SolutionProperties) = preSolution
		HideSolutionNode = FALSE
	EndGlobalSection
	GlobalSection(NestedProjects) = preSolution
		{846B37B5-91CA-4157-A358-F7B67A71A9FD} = {CF7C743E-7D4D-4BD4-9314-953AB3F6D120}
		{BCB5420F-588A-44A1-A6F5-60975697F9FA} = {CF7C743E-7D4D-4BD4-9314-953AB3F6D120}
		{7EB73561-CE00-42E3-95D3-53E571D10C6A} = {CF7C743E-7D4D-4BD4-9314-953AB3F6D120}
		{7238AD3D-D706-4D06-8BCB-1CC2DFEA6B98} = {CF7C743E-7D4D-4BD4-9314-953AB3F6D120}
		{3D6A90BF-21C2-40D1-96E5-B32ACDD8A9FF} = {BD60EEC8-5033-4B26-B79F-488D0838006E}
		{95910290-A217-4334-AC9D-37DA00D4D888} = {BD60EEC8-5033-4B26-B79F-488D0838006E}
		{FD0B633C-410C-48AF-B67C-2842B974D37D} = {CF7C743E-7D4D-4BD4-9314-953AB3F6D120}
	EndGlobalSection
EndGlobal
